
Microsoft Visual Studio Solution File, Format Version 12.00
# Visual Studio Version 17
VisualStudioVersion = 17.2.32630.192
MinimumVisualStudioVersion = 10.0.40219.1
Project("{9A19103F-16F7-4668-BE54-9A1E7A4F7556}") = "R5T.S0087", "R5T.S0087\R5T.S0087.csproj", "{C3BBCB5C-EAEC-44D0-851F-97BFD290F804}"
EndProject
Global
	GlobalSection(SolutionConfigurationPlatforms) = preSolution
		Debug|Any CPU = Debug|Any CPU
		Release|Any CPU = Release|Any CPU
	EndGlobalSection
	GlobalSection(ProjectConfigurationPlatforms) = postSolution
		{C3BBCB5C-EAEC-44D0-851F-97BFD290F804}.Debug|Any CPU.ActiveCfg = Debug|Any CPU
		{C3BBCB5C-EAEC-44D0-851F-97BFD290F804}.Debug|Any CPU.Build.0 = Debug|Any CPU
		{C3BBCB5C-EAEC-44D0-851F-97BFD290F804}.Release|Any CPU.ActiveCfg = Release|Any CPU
		{C3BBCB5C-EAEC-44D0-851F-97BFD290F804}.Release|Any CPU.Build.0 = Release|Any CPU
	EndGlobalSection
	GlobalSection(SolutionProperties) = preSolution
		HideSolutionNode = FALSE
	EndGlobalSection
	GlobalSection(ExtensibilityGlobals) = postSolution
		SolutionGuid = {D234B3CB-C04F-4023-A089-8E0BA0DAF23D}
	EndGlobalSection
EndGlobal
