
Microsoft Visual Studio Solution File, Format Version 12.00
# Visual Studio Version 17
VisualStudioVersion = 17.2.32630.192
MinimumVisualStudioVersion = 10.0.40219.1
Project("{9A19103F-16F7-4668-BE54-9A1E7A4F7556}") = "R5T.S0087", "R5T.S0087\R5T.S0087.csproj", "{C3BBCB5C-EAEC-44D0-851F-97BFD290F804}"
EndProject
Project("{2150E333-8FDC-42A3-9474-1A3956D46DE8}") = "_Dependencies", "_Dependencies", "{D754244D-6105-4F90-A3F2-6C7DBC2EAF34}"
EndProject
Project("{9A19103F-16F7-4668-BE54-9A1E7A4F7556}") = "R5T.F0141", "..\..\R5T.F0141\source\R5T.F0141\R5T.F0141.csproj", "{F0E60E03-B298-46C9-A7BA-E04480C3EB46}"
EndProject
Project("{9A19103F-16F7-4668-BE54-9A1E7A4F7556}") = "R5T.F0000", "..\..\R5T.F0000\source\R5T.F0000\R5T.F0000.csproj", "{6AAFFCB5-9055-4BE7-80F3-2313456D057B}"
EndProject
Project("{9A19103F-16F7-4668-BE54-9A1E7A4F7556}") = "R5T.F0002", "..\..\R5T.F0002\source\R5T.F0002\R5T.F0002.csproj", "{1A99B5C9-8AE0-4C73-AB52-CA8FCEDB75E9}"
EndProject
Project("{9A19103F-16F7-4668-BE54-9A1E7A4F7556}") = "R5T.F0120", "..\..\R5T.F0120\source\R5T.F0120\R5T.F0120.csproj", "{CC1FC0C6-5C58-4B01-9529-1AE9F47BD12D}"
EndProject
Project("{9A19103F-16F7-4668-BE54-9A1E7A4F7556}") = "R5T.F0124", "..\..\R5T.F0124\source\R5T.F0124\R5T.F0124.csproj", "{1A1F86A9-5005-44D0-8C4F-6D09ED7046E6}"
EndProject
Project("{9A19103F-16F7-4668-BE54-9A1E7A4F7556}") = "R5T.F0125", "..\..\R5T.F0125\source\R5T.F0125\R5T.F0125.csproj", "{AB1C3648-7990-4007-9C17-E7EB7E8EC44C}"
EndProject
Project("{9A19103F-16F7-4668-BE54-9A1E7A4F7556}") = "R5T.F0138", "..\..\R5T.F0138\source\R5T.F0138\R5T.F0138.csproj", "{42A8FE0D-27FF-45F1-98D4-02C81976372E}"
EndProject
Project("{9A19103F-16F7-4668-BE54-9A1E7A4F7556}") = "R5T.F0139", "..\..\R5T.F0139\source\R5T.F0139\R5T.F0139.csproj", "{0F2B93AE-1B23-4752-9F71-A1203AEB5A68}"
EndProject
Project("{9A19103F-16F7-4668-BE54-9A1E7A4F7556}") = "R5T.F0140", "..\..\R5T.F0140\source\R5T.F0140\R5T.F0140.csproj", "{3A1442C4-7EEA-46DE-9C18-4983F38433C6}"
EndProject
Project("{9A19103F-16F7-4668-BE54-9A1E7A4F7556}") = "R5T.L0030.T000", "..\..\R5T.L0030\source\R5T.L0030.T000\R5T.L0030.T000.csproj", "{97CD90D5-8854-4DC4-99BB-A71D3F834CCF}"
EndProject
Project("{9A19103F-16F7-4668-BE54-9A1E7A4F7556}") = "R5T.L0030", "..\..\R5T.L0030\source\R5T.L0030\R5T.L0030.csproj", "{87BD0E96-1D9B-48D1-9CFF-95B29C2ABC55}"
EndProject
Project("{9A19103F-16F7-4668-BE54-9A1E7A4F7556}") = "R5T.L0034", "..\..\R5T.L0034\source\R5T.L0034\R5T.L0034.csproj", "{B354D74F-74D1-48BB-B3CD-12BF4D9FD88A}"
EndProject
Project("{9A19103F-16F7-4668-BE54-9A1E7A4F7556}") = "R5T.L0035", "..\..\R5T.L0035\source\R5T.L0035\R5T.L0035.csproj", "{3F359F73-1C7B-4D95-9CD7-ED7CC0705C9C}"
EndProject
Project("{9A19103F-16F7-4668-BE54-9A1E7A4F7556}") = "R5T.NG0022", "..\..\R5T.NG0022\source\R5T.NG0022\R5T.NG0022.csproj", "{A8820C30-C686-4486-91F3-A4ACB1BB46F8}"
EndProject
Project("{9A19103F-16F7-4668-BE54-9A1E7A4F7556}") = "R5T.T0131", "..\..\R5T.T0131\source\R5T.T0131\R5T.T0131.csproj", "{0993FD75-122D-490B-86F7-435981A54205}"
EndProject
Project("{9A19103F-16F7-4668-BE54-9A1E7A4F7556}") = "R5T.T0132", "..\..\R5T.T0132\source\R5T.T0132\R5T.T0132.csproj", "{308DEFB6-1A9C-4E28-B18E-AD9FE1286AFC}"
EndProject
Project("{9A19103F-16F7-4668-BE54-9A1E7A4F7556}") = "R5T.T0142", "..\..\R5T.T0142\source\R5T.T0142\R5T.T0142.csproj", "{EBC9D1D4-2241-4CC3-88DA-E812B2186880}"
EndProject
Project("{9A19103F-16F7-4668-BE54-9A1E7A4F7556}") = "R5T.T0143", "..\..\R5T.T0143\source\R5T.T0143\R5T.T0143.csproj", "{16B54CF0-34AC-44F3-A418-51079AB394C1}"
EndProject
Project("{9A19103F-16F7-4668-BE54-9A1E7A4F7556}") = "R5T.T0150", "..\..\R5T.T0150\source\R5T.T0150\R5T.T0150.csproj", "{C7AF5C96-B1A7-480D-B1CD-2F9A89A6DE9D}"
EndProject
Project("{9A19103F-16F7-4668-BE54-9A1E7A4F7556}") = "R5T.T0151", "..\..\R5T.T0151\source\R5T.T0151\R5T.T0151.csproj", "{E587FE5C-7EA8-4C04-A98A-E5D4950B5E32}"
EndProject
Project("{9A19103F-16F7-4668-BE54-9A1E7A4F7556}") = "R5T.T0156", "..\..\R5T.T0156\source\R5T.T0156\R5T.T0156.csproj", "{9FC73408-4D8B-4ABB-A9FF-C71F9EFC81CA}"
EndProject
Project("{9A19103F-16F7-4668-BE54-9A1E7A4F7556}") = "R5T.T0172", "..\..\R5T.T0172\source\R5T.T0172\R5T.T0172.csproj", "{0E6E5A26-F3E2-4C70-854D-1476DFB81C44}"
EndProject
Project("{9A19103F-16F7-4668-BE54-9A1E7A4F7556}") = "R5T.T0174", "..\..\R5T.T0174\source\R5T.T0174\R5T.T0174.csproj", "{4EE1ABD6-70BC-4C2F-AA53-8E26A68A8AF0}"
EndProject
Project("{9A19103F-16F7-4668-BE54-9A1E7A4F7556}") = "R5T.T0176", "..\..\R5T.T0176\source\R5T.T0176\R5T.T0176.csproj", "{44AFB84B-338D-439B-9A3F-3A0B56DAC1A9}"
EndProject
Project("{9A19103F-16F7-4668-BE54-9A1E7A4F7556}") = "R5T.T0177", "..\..\R5T.T0177\source\R5T.T0177\R5T.T0177.csproj", "{B61DDE7D-C78F-437E-BD20-F56B4B745A03}"
EndProject
Project("{9A19103F-16F7-4668-BE54-9A1E7A4F7556}") = "R5T.T0178", "..\..\R5T.T0178\source\R5T.T0178\R5T.T0178.csproj", "{8CACCD33-4AF8-432A-A09C-99E9D759DD9F}"
EndProject
Project("{9A19103F-16F7-4668-BE54-9A1E7A4F7556}") = "R5T.T0179", "..\..\R5T.T0179\source\R5T.T0179\R5T.T0179.csproj", "{10889F10-F8DF-42E3-B2D5-9A72506FFF78}"
EndProject
Project("{9A19103F-16F7-4668-BE54-9A1E7A4F7556}") = "R5T.T0180", "..\..\R5T.T0180\source\R5T.T0180\R5T.T0180.csproj", "{6DFB7F34-1577-4805-B2B7-F85293024A95}"
EndProject
Project("{9A19103F-16F7-4668-BE54-9A1E7A4F7556}") = "R5T.T0181", "..\..\R5T.T0181\source\R5T.T0181\R5T.T0181.csproj", "{1A2F8490-BB96-4E31-9AAC-A5245720A794}"
EndProject
Project("{9A19103F-16F7-4668-BE54-9A1E7A4F7556}") = "R5T.T0185", "..\..\R5T.T0185\source\R5T.T0185\R5T.T0185.csproj", "{523C3724-2C6B-47EC-BD57-81876FEA730A}"
EndProject
Project("{9A19103F-16F7-4668-BE54-9A1E7A4F7556}") = "R5T.T0203", "..\..\R5T.T0203\source\R5T.T0203\R5T.T0203.csproj", "{B0FEA7D7-49AE-412F-B867-32D40A77E8B1}"
EndProject
Project("{9A19103F-16F7-4668-BE54-9A1E7A4F7556}") = "R5T.T0214.Z001", "..\..\R5T.T0214\source\R5T.T0214.Z001\R5T.T0214.Z001.csproj", "{EB490901-27C1-43F5-AB43-23DFBEA32DC6}"
EndProject
Project("{9A19103F-16F7-4668-BE54-9A1E7A4F7556}") = "R5T.T0214", "..\..\R5T.T0214\source\R5T.T0214\R5T.T0214.csproj", "{A44BD97D-E0D5-4744-9B89-1B304FC45FEC}"
EndProject
Project("{9A19103F-16F7-4668-BE54-9A1E7A4F7556}") = "R5T.T0215.Z000", "..\..\R5T.T0215\source\R5T.T0215.Z000\R5T.T0215.Z000.csproj", "{4CD9A443-343D-4A76-B6C1-2A80E1157A2C}"
EndProject
Project("{9A19103F-16F7-4668-BE54-9A1E7A4F7556}") = "R5T.T0215", "..\..\R5T.T0215\source\R5T.T0215\R5T.T0215.csproj", "{16A107AD-8F63-4521-978C-49BB6E68404F}"
EndProject
Project("{9A19103F-16F7-4668-BE54-9A1E7A4F7556}") = "R5T.T0216.F001", "..\..\R5T.T0216\source\R5T.T0216.F001\R5T.T0216.F001.csproj", "{16E24210-12D2-4D64-9259-2D1F30DBFA6E}"
EndProject
Project("{9A19103F-16F7-4668-BE54-9A1E7A4F7556}") = "R5T.T0216", "..\..\R5T.T0216\source\R5T.T0216\R5T.T0216.csproj", "{6AB81797-73B3-439A-BE7E-C15709DAFAED}"
EndProject
Project("{9A19103F-16F7-4668-BE54-9A1E7A4F7556}") = "R5T.T0217.F001", "..\..\R5T.T0217\source\R5T.T0217.F001\R5T.T0217.F001.csproj", "{05102219-7778-4FCD-B75F-669483A992CE}"
EndProject
Project("{9A19103F-16F7-4668-BE54-9A1E7A4F7556}") = "R5T.T0217", "..\..\R5T.T0217\source\R5T.T0217\R5T.T0217.csproj", "{ACDA1AE1-F71F-4D4D-8EAE-2F0C46C390B3}"
EndProject
Project("{9A19103F-16F7-4668-BE54-9A1E7A4F7556}") = "R5T.T0218", "..\..\R5T.T0218\source\R5T.T0218\R5T.T0218.csproj", "{C5BB8DE7-453C-4C23-BBA5-DBFD16D1D0EA}"
EndProject
Project("{9A19103F-16F7-4668-BE54-9A1E7A4F7556}") = "R5T.T0219", "..\..\R5T.T0219\source\R5T.T0219\R5T.T0219.csproj", "{F47C1408-0C6A-422B-BBBF-F336FA2F8E64}"
EndProject
Project("{9A19103F-16F7-4668-BE54-9A1E7A4F7556}") = "R5T.Y0000", "..\..\R5T.Y0000\source\R5T.Y0000\R5T.Y0000.csproj", "{4FB1BEBE-7E9B-42ED-BDA5-9FF595A87416}"
EndProject
Project("{9A19103F-16F7-4668-BE54-9A1E7A4F7556}") = "R5T.Z0000", "..\..\R5T.Z0000\source\R5T.Z0000\R5T.Z0000.csproj", "{54132909-2542-4952-91CE-6E5EAB15D2E7}"
EndProject
Project("{9A19103F-16F7-4668-BE54-9A1E7A4F7556}") = "R5T.Z0044.Z000", "..\..\R5T.Z0044\source\R5T.Z0044.Z000\R5T.Z0044.Z000.csproj", "{97DB9012-2C9F-4F95-AE61-ECE73BD5BE7E}"
EndProject
Project("{9A19103F-16F7-4668-BE54-9A1E7A4F7556}") = "R5T.Z0057", "..\..\R5T.Z0057\source\R5T.Z0057\R5T.Z0057.csproj", "{4F519F2F-E1B0-4CFE-9FF8-F572DF0343F0}"
EndProject
Project("{9A19103F-16F7-4668-BE54-9A1E7A4F7556}") = "R5T.Z0058", "..\..\R5T.Z0058\source\R5T.Z0058\R5T.Z0058.csproj", "{CC3D9038-2E32-4024-A9C8-F3890E6A77D5}"
EndProject
Project("{9A19103F-16F7-4668-BE54-9A1E7A4F7556}") = "R5T.T0141", "..\..\R5T.T0141\source\R5T.T0141\R5T.T0141.csproj", "{FAC4DCC5-F88E-4A4A-9ADA-EE700AAD1AA8}"
EndProject
Project("{9A19103F-16F7-4668-BE54-9A1E7A4F7556}") = "R5T.T0162", "..\..\R5T.T0162\source\R5T.T0162\R5T.T0162.csproj", "{1844DF63-A426-42C6-9589-4CC114F32B6C}"
EndProject
Project("{9A19103F-16F7-4668-BE54-9A1E7A4F7556}") = "R5T.T0211", "..\..\R5T.T0211\source\R5T.T0211\R5T.T0211.csproj", "{2EF0DBFD-F8C1-4817-A7DA-B85D757693EC}"
EndProject
Project("{9A19103F-16F7-4668-BE54-9A1E7A4F7556}") = "R5T.T0212.F000", "..\..\R5T.T0212\source\R5T.T0212.F000\R5T.T0212.F000.csproj", "{FEF00718-6ED1-4D79-8C2D-737C60D32B15}"
EndProject
Project("{9A19103F-16F7-4668-BE54-9A1E7A4F7556}") = "R5T.T0212.Z000", "..\..\R5T.T0212\source\R5T.T0212.Z000\R5T.T0212.Z000.csproj", "{C1F2A22E-4A44-4112-A1A2-1BB7A3CDA36E}"
EndProject
Project("{9A19103F-16F7-4668-BE54-9A1E7A4F7556}") = "R5T.T0212", "..\..\R5T.T0212\source\R5T.T0212\R5T.T0212.csproj", "{4F0130A6-8FDE-4924-A9A2-11A6EE4BC7C7}"
EndProject
Project("{9A19103F-16F7-4668-BE54-9A1E7A4F7556}") = "R5T.T0213", "..\..\R5T.T0213\source\R5T.T0213\R5T.T0213.csproj", "{40D3EF3F-3B47-4444-AADA-9516E4F2D6DC}"
EndProject
Project("{9A19103F-16F7-4668-BE54-9A1E7A4F7556}") = "R5T.Z0015", "..\..\R5T.Z0015\source\R5T.Z0015\R5T.Z0015.csproj", "{4F885303-01ED-4FF6-A642-904F8F283019}"
EndProject
Project("{9A19103F-16F7-4668-BE54-9A1E7A4F7556}") = "R5T.F0033", "..\..\R5T.F0033\source\R5T.F0033\R5T.F0033.csproj", "{5D9F3943-BED6-42CA-9D27-7ECEADCF53F6}"
EndProject
Project("{9A19103F-16F7-4668-BE54-9A1E7A4F7556}") = "R5T.F0034", "..\..\R5T.F0034\source\R5T.F0034\R5T.F0034.csproj", "{F1DC6BAD-B4B1-4829-9699-63327015A709}"
EndProject
Project("{9A19103F-16F7-4668-BE54-9A1E7A4F7556}") = "R5T.T0199", "..\..\R5T.T0199\source\R5T.T0199\R5T.T0199.csproj", "{5B26A3D2-2A92-4C09-8E77-3A18825EAD4E}"
EndProject
Project("{9A19103F-16F7-4668-BE54-9A1E7A4F7556}") = "R5T.T0220", "..\..\R5T.T0220\source\R5T.T0220\R5T.T0220.csproj", "{149446B1-0E6C-492A-A10F-0F48BA403627}"
EndProject
Project("{9A19103F-16F7-4668-BE54-9A1E7A4F7556}") = "R5T.T0221", "..\..\R5T.T0221\source\R5T.T0221\R5T.T0221.csproj", "{BD32222A-6DC7-4213-92FD-624A024F9075}"
EndProject
Project("{9A19103F-16F7-4668-BE54-9A1E7A4F7556}") = "R5T.F0035.F001", "..\..\R5T.F0035\source\R5T.F0035.F001\R5T.F0035.F001.csproj", "{A3CEC111-C614-4F00-8F80-32F49C769EA5}"
EndProject
Project("{9A19103F-16F7-4668-BE54-9A1E7A4F7556}") = "R5T.F0059", "..\..\R5T.F0059\source\R5T.F0059\R5T.F0059.csproj", "{6018E3FB-7852-43CD-9C39-F47C155131A0}"
EndProject
Project("{9A19103F-16F7-4668-BE54-9A1E7A4F7556}") = "R5T.NG0002", "..\..\R5T.NG0002\source\R5T.NG0002\R5T.NG0002.csproj", "{1ED29312-8806-45DC-88B2-9A247A47FE0D}"
EndProject
Project("{9A19103F-16F7-4668-BE54-9A1E7A4F7556}") = "R5T.NG0006", "..\..\R5T.NG0006\source\R5T.NG0006\R5T.NG0006.csproj", "{ED8E2503-46F6-41F5-ABDC-0A42902FC2E6}"
EndProject
Project("{9A19103F-16F7-4668-BE54-9A1E7A4F7556}") = "R5T.NG0007", "..\..\R5T.NG0007\source\R5T.NG0007\R5T.NG0007.csproj", "{0472640C-4578-438F-B969-5C9145DA2343}"
EndProject
Project("{9A19103F-16F7-4668-BE54-9A1E7A4F7556}") = "R5T.T0148", "..\..\R5T.T0148\source\R5T.T0148\R5T.T0148.csproj", "{CE843015-11F0-414F-8152-967967851798}"
EndProject
Project("{9A19103F-16F7-4668-BE54-9A1E7A4F7556}") = "R5T.T0158.F000", "..\..\R5T.T0158\source\R5T.T0158.F000\R5T.T0158.F000.csproj", "{D5CD0941-9CF9-4E79-9685-CCC712A268A3}"
EndProject
Project("{9A19103F-16F7-4668-BE54-9A1E7A4F7556}") = "R5T.T0158.T000", "..\..\R5T.T0158\source\R5T.T0158.T000\R5T.T0158.T000.csproj", "{7B099EFB-CD29-4B01-AF8E-5BBAD870F6A4}"
EndProject
Project("{9A19103F-16F7-4668-BE54-9A1E7A4F7556}") = "R5T.T0158", "..\..\R5T.T0158\source\R5T.T0158\R5T.T0158.csproj", "{71FF8363-ECD2-4429-908B-513A82240662}"
EndProject
Project("{9A19103F-16F7-4668-BE54-9A1E7A4F7556}") = "R5T.T0159.F000", "..\..\R5T.T0159\source\R5T.T0159.F000\R5T.T0159.F000.csproj", "{0AC03ECB-4BA3-4EDC-A759-719301E2E97D}"
EndProject
Project("{9A19103F-16F7-4668-BE54-9A1E7A4F7556}") = "R5T.T0159", "..\..\R5T.T0159\source\R5T.T0159\R5T.T0159.csproj", "{1D76ABCA-00E8-4969-9EAC-79DF233F7976}"
EndProject
Global
	GlobalSection(NestedProjects) = preSolution
		{F0E60E03-B298-46C9-A7BA-E04480C3EB46} = {D754244D-6105-4F90-A3F2-6C7DBC2EAF34}
		{6AAFFCB5-9055-4BE7-80F3-2313456D057B} = {D754244D-6105-4F90-A3F2-6C7DBC2EAF34}
		{1A99B5C9-8AE0-4C73-AB52-CA8FCEDB75E9} = {D754244D-6105-4F90-A3F2-6C7DBC2EAF34}
		{CC1FC0C6-5C58-4B01-9529-1AE9F47BD12D} = {D754244D-6105-4F90-A3F2-6C7DBC2EAF34}
		{1A1F86A9-5005-44D0-8C4F-6D09ED7046E6} = {D754244D-6105-4F90-A3F2-6C7DBC2EAF34}
		{AB1C3648-7990-4007-9C17-E7EB7E8EC44C} = {D754244D-6105-4F90-A3F2-6C7DBC2EAF34}
		{42A8FE0D-27FF-45F1-98D4-02C81976372E} = {D754244D-6105-4F90-A3F2-6C7DBC2EAF34}
		{0F2B93AE-1B23-4752-9F71-A1203AEB5A68} = {D754244D-6105-4F90-A3F2-6C7DBC2EAF34}
		{3A1442C4-7EEA-46DE-9C18-4983F38433C6} = {D754244D-6105-4F90-A3F2-6C7DBC2EAF34}
		{97CD90D5-8854-4DC4-99BB-A71D3F834CCF} = {D754244D-6105-4F90-A3F2-6C7DBC2EAF34}
		{87BD0E96-1D9B-48D1-9CFF-95B29C2ABC55} = {D754244D-6105-4F90-A3F2-6C7DBC2EAF34}
		{B354D74F-74D1-48BB-B3CD-12BF4D9FD88A} = {D754244D-6105-4F90-A3F2-6C7DBC2EAF34}
		{3F359F73-1C7B-4D95-9CD7-ED7CC0705C9C} = {D754244D-6105-4F90-A3F2-6C7DBC2EAF34}
		{A8820C30-C686-4486-91F3-A4ACB1BB46F8} = {D754244D-6105-4F90-A3F2-6C7DBC2EAF34}
		{0993FD75-122D-490B-86F7-435981A54205} = {D754244D-6105-4F90-A3F2-6C7DBC2EAF34}
		{308DEFB6-1A9C-4E28-B18E-AD9FE1286AFC} = {D754244D-6105-4F90-A3F2-6C7DBC2EAF34}
		{EBC9D1D4-2241-4CC3-88DA-E812B2186880} = {D754244D-6105-4F90-A3F2-6C7DBC2EAF34}
		{16B54CF0-34AC-44F3-A418-51079AB394C1} = {D754244D-6105-4F90-A3F2-6C7DBC2EAF34}
		{C7AF5C96-B1A7-480D-B1CD-2F9A89A6DE9D} = {D754244D-6105-4F90-A3F2-6C7DBC2EAF34}
		{E587FE5C-7EA8-4C04-A98A-E5D4950B5E32} = {D754244D-6105-4F90-A3F2-6C7DBC2EAF34}
		{9FC73408-4D8B-4ABB-A9FF-C71F9EFC81CA} = {D754244D-6105-4F90-A3F2-6C7DBC2EAF34}
		{0E6E5A26-F3E2-4C70-854D-1476DFB81C44} = {D754244D-6105-4F90-A3F2-6C7DBC2EAF34}
		{4EE1ABD6-70BC-4C2F-AA53-8E26A68A8AF0} = {D754244D-6105-4F90-A3F2-6C7DBC2EAF34}
		{44AFB84B-338D-439B-9A3F-3A0B56DAC1A9} = {D754244D-6105-4F90-A3F2-6C7DBC2EAF34}
		{B61DDE7D-C78F-437E-BD20-F56B4B745A03} = {D754244D-6105-4F90-A3F2-6C7DBC2EAF34}
		{8CACCD33-4AF8-432A-A09C-99E9D759DD9F} = {D754244D-6105-4F90-A3F2-6C7DBC2EAF34}
		{10889F10-F8DF-42E3-B2D5-9A72506FFF78} = {D754244D-6105-4F90-A3F2-6C7DBC2EAF34}
		{6DFB7F34-1577-4805-B2B7-F85293024A95} = {D754244D-6105-4F90-A3F2-6C7DBC2EAF34}
		{1A2F8490-BB96-4E31-9AAC-A5245720A794} = {D754244D-6105-4F90-A3F2-6C7DBC2EAF34}
		{523C3724-2C6B-47EC-BD57-81876FEA730A} = {D754244D-6105-4F90-A3F2-6C7DBC2EAF34}
		{B0FEA7D7-49AE-412F-B867-32D40A77E8B1} = {D754244D-6105-4F90-A3F2-6C7DBC2EAF34}
		{EB490901-27C1-43F5-AB43-23DFBEA32DC6} = {D754244D-6105-4F90-A3F2-6C7DBC2EAF34}
		{A44BD97D-E0D5-4744-9B89-1B304FC45FEC} = {D754244D-6105-4F90-A3F2-6C7DBC2EAF34}
		{4CD9A443-343D-4A76-B6C1-2A80E1157A2C} = {D754244D-6105-4F90-A3F2-6C7DBC2EAF34}
		{16A107AD-8F63-4521-978C-49BB6E68404F} = {D754244D-6105-4F90-A3F2-6C7DBC2EAF34}
		{16E24210-12D2-4D64-9259-2D1F30DBFA6E} = {D754244D-6105-4F90-A3F2-6C7DBC2EAF34}
		{6AB81797-73B3-439A-BE7E-C15709DAFAED} = {D754244D-6105-4F90-A3F2-6C7DBC2EAF34}
		{05102219-7778-4FCD-B75F-669483A992CE} = {D754244D-6105-4F90-A3F2-6C7DBC2EAF34}
		{ACDA1AE1-F71F-4D4D-8EAE-2F0C46C390B3} = {D754244D-6105-4F90-A3F2-6C7DBC2EAF34}
		{C5BB8DE7-453C-4C23-BBA5-DBFD16D1D0EA} = {D754244D-6105-4F90-A3F2-6C7DBC2EAF34}
		{F47C1408-0C6A-422B-BBBF-F336FA2F8E64} = {D754244D-6105-4F90-A3F2-6C7DBC2EAF34}
		{4FB1BEBE-7E9B-42ED-BDA5-9FF595A87416} = {D754244D-6105-4F90-A3F2-6C7DBC2EAF34}
		{54132909-2542-4952-91CE-6E5EAB15D2E7} = {D754244D-6105-4F90-A3F2-6C7DBC2EAF34}
		{97DB9012-2C9F-4F95-AE61-ECE73BD5BE7E} = {D754244D-6105-4F90-A3F2-6C7DBC2EAF34}
		{4F519F2F-E1B0-4CFE-9FF8-F572DF0343F0} = {D754244D-6105-4F90-A3F2-6C7DBC2EAF34}
		{CC3D9038-2E32-4024-A9C8-F3890E6A77D5} = {D754244D-6105-4F90-A3F2-6C7DBC2EAF34}
		{FAC4DCC5-F88E-4A4A-9ADA-EE700AAD1AA8} = {D754244D-6105-4F90-A3F2-6C7DBC2EAF34}
		{1844DF63-A426-42C6-9589-4CC114F32B6C} = {D754244D-6105-4F90-A3F2-6C7DBC2EAF34}
		{2EF0DBFD-F8C1-4817-A7DA-B85D757693EC} = {D754244D-6105-4F90-A3F2-6C7DBC2EAF34}
		{FEF00718-6ED1-4D79-8C2D-737C60D32B15} = {D754244D-6105-4F90-A3F2-6C7DBC2EAF34}
		{C1F2A22E-4A44-4112-A1A2-1BB7A3CDA36E} = {D754244D-6105-4F90-A3F2-6C7DBC2EAF34}
		{4F0130A6-8FDE-4924-A9A2-11A6EE4BC7C7} = {D754244D-6105-4F90-A3F2-6C7DBC2EAF34}
		{40D3EF3F-3B47-4444-AADA-9516E4F2D6DC} = {D754244D-6105-4F90-A3F2-6C7DBC2EAF34}
		{4F885303-01ED-4FF6-A642-904F8F283019} = {D754244D-6105-4F90-A3F2-6C7DBC2EAF34}
		{5D9F3943-BED6-42CA-9D27-7ECEADCF53F6} = {D754244D-6105-4F90-A3F2-6C7DBC2EAF34}
		{F1DC6BAD-B4B1-4829-9699-63327015A709} = {D754244D-6105-4F90-A3F2-6C7DBC2EAF34}
		{5B26A3D2-2A92-4C09-8E77-3A18825EAD4E} = {D754244D-6105-4F90-A3F2-6C7DBC2EAF34}
		{149446B1-0E6C-492A-A10F-0F48BA403627} = {D754244D-6105-4F90-A3F2-6C7DBC2EAF34}
		{BD32222A-6DC7-4213-92FD-624A024F9075} = {D754244D-6105-4F90-A3F2-6C7DBC2EAF34}
		{A3CEC111-C614-4F00-8F80-32F49C769EA5} = {D754244D-6105-4F90-A3F2-6C7DBC2EAF34}
		{6018E3FB-7852-43CD-9C39-F47C155131A0} = {D754244D-6105-4F90-A3F2-6C7DBC2EAF34}
		{1ED29312-8806-45DC-88B2-9A247A47FE0D} = {D754244D-6105-4F90-A3F2-6C7DBC2EAF34}
		{ED8E2503-46F6-41F5-ABDC-0A42902FC2E6} = {D754244D-6105-4F90-A3F2-6C7DBC2EAF34}
		{0472640C-4578-438F-B969-5C9145DA2343} = {D754244D-6105-4F90-A3F2-6C7DBC2EAF34}
		{CE843015-11F0-414F-8152-967967851798} = {D754244D-6105-4F90-A3F2-6C7DBC2EAF34}
		{D5CD0941-9CF9-4E79-9685-CCC712A268A3} = {D754244D-6105-4F90-A3F2-6C7DBC2EAF34}
		{7B099EFB-CD29-4B01-AF8E-5BBAD870F6A4} = {D754244D-6105-4F90-A3F2-6C7DBC2EAF34}
		{71FF8363-ECD2-4429-908B-513A82240662} = {D754244D-6105-4F90-A3F2-6C7DBC2EAF34}
		{0AC03ECB-4BA3-4EDC-A759-719301E2E97D} = {D754244D-6105-4F90-A3F2-6C7DBC2EAF34}
		{1D76ABCA-00E8-4969-9EAC-79DF233F7976} = {D754244D-6105-4F90-A3F2-6C7DBC2EAF34}
	EndGlobalSection
	GlobalSection(SolutionConfigurationPlatforms) = preSolution
		Debug|Any CPU = Debug|Any CPU
		Release|Any CPU = Release|Any CPU
	EndGlobalSection
	GlobalSection(ProjectConfigurationPlatforms) = postSolution
		{C3BBCB5C-EAEC-44D0-851F-97BFD290F804}.Debug|Any CPU.ActiveCfg = Debug|Any CPU
		{C3BBCB5C-EAEC-44D0-851F-97BFD290F804}.Debug|Any CPU.Build.0 = Debug|Any CPU
		{C3BBCB5C-EAEC-44D0-851F-97BFD290F804}.Release|Any CPU.ActiveCfg = Release|Any CPU
		{C3BBCB5C-EAEC-44D0-851F-97BFD290F804}.Release|Any CPU.Build.0 = Release|Any CPU
		{F0E60E03-B298-46C9-A7BA-E04480C3EB46}.Debug|Any CPU.ActiveCfg = Debug|Any CPU
		{F0E60E03-B298-46C9-A7BA-E04480C3EB46}.Debug|Any CPU.Build.0 = Debug|Any CPU
		{F0E60E03-B298-46C9-A7BA-E04480C3EB46}.Release|Any CPU.ActiveCfg = Release|Any CPU
		{F0E60E03-B298-46C9-A7BA-E04480C3EB46}.Release|Any CPU.Build.0 = Release|Any CPU
		{6AAFFCB5-9055-4BE7-80F3-2313456D057B}.Debug|Any CPU.ActiveCfg = Debug|Any CPU
		{6AAFFCB5-9055-4BE7-80F3-2313456D057B}.Debug|Any CPU.Build.0 = Debug|Any CPU
		{6AAFFCB5-9055-4BE7-80F3-2313456D057B}.Release|Any CPU.ActiveCfg = Release|Any CPU
		{6AAFFCB5-9055-4BE7-80F3-2313456D057B}.Release|Any CPU.Build.0 = Release|Any CPU
		{1A99B5C9-8AE0-4C73-AB52-CA8FCEDB75E9}.Debug|Any CPU.ActiveCfg = Debug|Any CPU
		{1A99B5C9-8AE0-4C73-AB52-CA8FCEDB75E9}.Debug|Any CPU.Build.0 = Debug|Any CPU
		{1A99B5C9-8AE0-4C73-AB52-CA8FCEDB75E9}.Release|Any CPU.ActiveCfg = Release|Any CPU
		{1A99B5C9-8AE0-4C73-AB52-CA8FCEDB75E9}.Release|Any CPU.Build.0 = Release|Any CPU
		{CC1FC0C6-5C58-4B01-9529-1AE9F47BD12D}.Debug|Any CPU.ActiveCfg = Debug|Any CPU
		{CC1FC0C6-5C58-4B01-9529-1AE9F47BD12D}.Debug|Any CPU.Build.0 = Debug|Any CPU
		{CC1FC0C6-5C58-4B01-9529-1AE9F47BD12D}.Release|Any CPU.ActiveCfg = Release|Any CPU
		{CC1FC0C6-5C58-4B01-9529-1AE9F47BD12D}.Release|Any CPU.Build.0 = Release|Any CPU
		{1A1F86A9-5005-44D0-8C4F-6D09ED7046E6}.Debug|Any CPU.ActiveCfg = Debug|Any CPU
		{1A1F86A9-5005-44D0-8C4F-6D09ED7046E6}.Debug|Any CPU.Build.0 = Debug|Any CPU
		{1A1F86A9-5005-44D0-8C4F-6D09ED7046E6}.Release|Any CPU.ActiveCfg = Release|Any CPU
		{1A1F86A9-5005-44D0-8C4F-6D09ED7046E6}.Release|Any CPU.Build.0 = Release|Any CPU
		{AB1C3648-7990-4007-9C17-E7EB7E8EC44C}.Debug|Any CPU.ActiveCfg = Debug|Any CPU
		{AB1C3648-7990-4007-9C17-E7EB7E8EC44C}.Debug|Any CPU.Build.0 = Debug|Any CPU
		{AB1C3648-7990-4007-9C17-E7EB7E8EC44C}.Release|Any CPU.ActiveCfg = Release|Any CPU
		{AB1C3648-7990-4007-9C17-E7EB7E8EC44C}.Release|Any CPU.Build.0 = Release|Any CPU
		{42A8FE0D-27FF-45F1-98D4-02C81976372E}.Debug|Any CPU.ActiveCfg = Debug|Any CPU
		{42A8FE0D-27FF-45F1-98D4-02C81976372E}.Debug|Any CPU.Build.0 = Debug|Any CPU
		{42A8FE0D-27FF-45F1-98D4-02C81976372E}.Release|Any CPU.ActiveCfg = Release|Any CPU
		{42A8FE0D-27FF-45F1-98D4-02C81976372E}.Release|Any CPU.Build.0 = Release|Any CPU
		{0F2B93AE-1B23-4752-9F71-A1203AEB5A68}.Debug|Any CPU.ActiveCfg = Debug|Any CPU
		{0F2B93AE-1B23-4752-9F71-A1203AEB5A68}.Debug|Any CPU.Build.0 = Debug|Any CPU
		{0F2B93AE-1B23-4752-9F71-A1203AEB5A68}.Release|Any CPU.ActiveCfg = Release|Any CPU
		{0F2B93AE-1B23-4752-9F71-A1203AEB5A68}.Release|Any CPU.Build.0 = Release|Any CPU
		{3A1442C4-7EEA-46DE-9C18-4983F38433C6}.Debug|Any CPU.ActiveCfg = Debug|Any CPU
		{3A1442C4-7EEA-46DE-9C18-4983F38433C6}.Debug|Any CPU.Build.0 = Debug|Any CPU
		{3A1442C4-7EEA-46DE-9C18-4983F38433C6}.Release|Any CPU.ActiveCfg = Release|Any CPU
		{3A1442C4-7EEA-46DE-9C18-4983F38433C6}.Release|Any CPU.Build.0 = Release|Any CPU
		{97CD90D5-8854-4DC4-99BB-A71D3F834CCF}.Debug|Any CPU.ActiveCfg = Debug|Any CPU
		{97CD90D5-8854-4DC4-99BB-A71D3F834CCF}.Debug|Any CPU.Build.0 = Debug|Any CPU
		{97CD90D5-8854-4DC4-99BB-A71D3F834CCF}.Release|Any CPU.ActiveCfg = Release|Any CPU
		{97CD90D5-8854-4DC4-99BB-A71D3F834CCF}.Release|Any CPU.Build.0 = Release|Any CPU
		{87BD0E96-1D9B-48D1-9CFF-95B29C2ABC55}.Debug|Any CPU.ActiveCfg = Debug|Any CPU
		{87BD0E96-1D9B-48D1-9CFF-95B29C2ABC55}.Debug|Any CPU.Build.0 = Debug|Any CPU
		{87BD0E96-1D9B-48D1-9CFF-95B29C2ABC55}.Release|Any CPU.ActiveCfg = Release|Any CPU
		{87BD0E96-1D9B-48D1-9CFF-95B29C2ABC55}.Release|Any CPU.Build.0 = Release|Any CPU
		{B354D74F-74D1-48BB-B3CD-12BF4D9FD88A}.Debug|Any CPU.ActiveCfg = Debug|Any CPU
		{B354D74F-74D1-48BB-B3CD-12BF4D9FD88A}.Debug|Any CPU.Build.0 = Debug|Any CPU
		{B354D74F-74D1-48BB-B3CD-12BF4D9FD88A}.Release|Any CPU.ActiveCfg = Release|Any CPU
		{B354D74F-74D1-48BB-B3CD-12BF4D9FD88A}.Release|Any CPU.Build.0 = Release|Any CPU
		{3F359F73-1C7B-4D95-9CD7-ED7CC0705C9C}.Debug|Any CPU.ActiveCfg = Debug|Any CPU
		{3F359F73-1C7B-4D95-9CD7-ED7CC0705C9C}.Debug|Any CPU.Build.0 = Debug|Any CPU
		{3F359F73-1C7B-4D95-9CD7-ED7CC0705C9C}.Release|Any CPU.ActiveCfg = Release|Any CPU
		{3F359F73-1C7B-4D95-9CD7-ED7CC0705C9C}.Release|Any CPU.Build.0 = Release|Any CPU
		{A8820C30-C686-4486-91F3-A4ACB1BB46F8}.Debug|Any CPU.ActiveCfg = Debug|Any CPU
		{A8820C30-C686-4486-91F3-A4ACB1BB46F8}.Debug|Any CPU.Build.0 = Debug|Any CPU
		{A8820C30-C686-4486-91F3-A4ACB1BB46F8}.Release|Any CPU.ActiveCfg = Release|Any CPU
		{A8820C30-C686-4486-91F3-A4ACB1BB46F8}.Release|Any CPU.Build.0 = Release|Any CPU
		{0993FD75-122D-490B-86F7-435981A54205}.Debug|Any CPU.ActiveCfg = Debug|Any CPU
		{0993FD75-122D-490B-86F7-435981A54205}.Debug|Any CPU.Build.0 = Debug|Any CPU
		{0993FD75-122D-490B-86F7-435981A54205}.Release|Any CPU.ActiveCfg = Release|Any CPU
		{0993FD75-122D-490B-86F7-435981A54205}.Release|Any CPU.Build.0 = Release|Any CPU
		{308DEFB6-1A9C-4E28-B18E-AD9FE1286AFC}.Debug|Any CPU.ActiveCfg = Debug|Any CPU
		{308DEFB6-1A9C-4E28-B18E-AD9FE1286AFC}.Debug|Any CPU.Build.0 = Debug|Any CPU
		{308DEFB6-1A9C-4E28-B18E-AD9FE1286AFC}.Release|Any CPU.ActiveCfg = Release|Any CPU
		{308DEFB6-1A9C-4E28-B18E-AD9FE1286AFC}.Release|Any CPU.Build.0 = Release|Any CPU
		{EBC9D1D4-2241-4CC3-88DA-E812B2186880}.Debug|Any CPU.ActiveCfg = Debug|Any CPU
		{EBC9D1D4-2241-4CC3-88DA-E812B2186880}.Debug|Any CPU.Build.0 = Debug|Any CPU
		{EBC9D1D4-2241-4CC3-88DA-E812B2186880}.Release|Any CPU.ActiveCfg = Release|Any CPU
		{EBC9D1D4-2241-4CC3-88DA-E812B2186880}.Release|Any CPU.Build.0 = Release|Any CPU
		{16B54CF0-34AC-44F3-A418-51079AB394C1}.Debug|Any CPU.ActiveCfg = Debug|Any CPU
		{16B54CF0-34AC-44F3-A418-51079AB394C1}.Debug|Any CPU.Build.0 = Debug|Any CPU
		{16B54CF0-34AC-44F3-A418-51079AB394C1}.Release|Any CPU.ActiveCfg = Release|Any CPU
		{16B54CF0-34AC-44F3-A418-51079AB394C1}.Release|Any CPU.Build.0 = Release|Any CPU
		{C7AF5C96-B1A7-480D-B1CD-2F9A89A6DE9D}.Debug|Any CPU.ActiveCfg = Debug|Any CPU
		{C7AF5C96-B1A7-480D-B1CD-2F9A89A6DE9D}.Debug|Any CPU.Build.0 = Debug|Any CPU
		{C7AF5C96-B1A7-480D-B1CD-2F9A89A6DE9D}.Release|Any CPU.ActiveCfg = Release|Any CPU
		{C7AF5C96-B1A7-480D-B1CD-2F9A89A6DE9D}.Release|Any CPU.Build.0 = Release|Any CPU
		{E587FE5C-7EA8-4C04-A98A-E5D4950B5E32}.Debug|Any CPU.ActiveCfg = Debug|Any CPU
		{E587FE5C-7EA8-4C04-A98A-E5D4950B5E32}.Debug|Any CPU.Build.0 = Debug|Any CPU
		{E587FE5C-7EA8-4C04-A98A-E5D4950B5E32}.Release|Any CPU.ActiveCfg = Release|Any CPU
		{E587FE5C-7EA8-4C04-A98A-E5D4950B5E32}.Release|Any CPU.Build.0 = Release|Any CPU
		{9FC73408-4D8B-4ABB-A9FF-C71F9EFC81CA}.Debug|Any CPU.ActiveCfg = Debug|Any CPU
		{9FC73408-4D8B-4ABB-A9FF-C71F9EFC81CA}.Debug|Any CPU.Build.0 = Debug|Any CPU
		{9FC73408-4D8B-4ABB-A9FF-C71F9EFC81CA}.Release|Any CPU.ActiveCfg = Release|Any CPU
		{9FC73408-4D8B-4ABB-A9FF-C71F9EFC81CA}.Release|Any CPU.Build.0 = Release|Any CPU
		{0E6E5A26-F3E2-4C70-854D-1476DFB81C44}.Debug|Any CPU.ActiveCfg = Debug|Any CPU
		{0E6E5A26-F3E2-4C70-854D-1476DFB81C44}.Debug|Any CPU.Build.0 = Debug|Any CPU
		{0E6E5A26-F3E2-4C70-854D-1476DFB81C44}.Release|Any CPU.ActiveCfg = Release|Any CPU
		{0E6E5A26-F3E2-4C70-854D-1476DFB81C44}.Release|Any CPU.Build.0 = Release|Any CPU
		{4EE1ABD6-70BC-4C2F-AA53-8E26A68A8AF0}.Debug|Any CPU.ActiveCfg = Debug|Any CPU
		{4EE1ABD6-70BC-4C2F-AA53-8E26A68A8AF0}.Debug|Any CPU.Build.0 = Debug|Any CPU
		{4EE1ABD6-70BC-4C2F-AA53-8E26A68A8AF0}.Release|Any CPU.ActiveCfg = Release|Any CPU
		{4EE1ABD6-70BC-4C2F-AA53-8E26A68A8AF0}.Release|Any CPU.Build.0 = Release|Any CPU
		{44AFB84B-338D-439B-9A3F-3A0B56DAC1A9}.Debug|Any CPU.ActiveCfg = Debug|Any CPU
		{44AFB84B-338D-439B-9A3F-3A0B56DAC1A9}.Debug|Any CPU.Build.0 = Debug|Any CPU
		{44AFB84B-338D-439B-9A3F-3A0B56DAC1A9}.Release|Any CPU.ActiveCfg = Release|Any CPU
		{44AFB84B-338D-439B-9A3F-3A0B56DAC1A9}.Release|Any CPU.Build.0 = Release|Any CPU
		{B61DDE7D-C78F-437E-BD20-F56B4B745A03}.Debug|Any CPU.ActiveCfg = Debug|Any CPU
		{B61DDE7D-C78F-437E-BD20-F56B4B745A03}.Debug|Any CPU.Build.0 = Debug|Any CPU
		{B61DDE7D-C78F-437E-BD20-F56B4B745A03}.Release|Any CPU.ActiveCfg = Release|Any CPU
		{B61DDE7D-C78F-437E-BD20-F56B4B745A03}.Release|Any CPU.Build.0 = Release|Any CPU
		{8CACCD33-4AF8-432A-A09C-99E9D759DD9F}.Debug|Any CPU.ActiveCfg = Debug|Any CPU
		{8CACCD33-4AF8-432A-A09C-99E9D759DD9F}.Debug|Any CPU.Build.0 = Debug|Any CPU
		{8CACCD33-4AF8-432A-A09C-99E9D759DD9F}.Release|Any CPU.ActiveCfg = Release|Any CPU
		{8CACCD33-4AF8-432A-A09C-99E9D759DD9F}.Release|Any CPU.Build.0 = Release|Any CPU
		{10889F10-F8DF-42E3-B2D5-9A72506FFF78}.Debug|Any CPU.ActiveCfg = Debug|Any CPU
		{10889F10-F8DF-42E3-B2D5-9A72506FFF78}.Debug|Any CPU.Build.0 = Debug|Any CPU
		{10889F10-F8DF-42E3-B2D5-9A72506FFF78}.Release|Any CPU.ActiveCfg = Release|Any CPU
		{10889F10-F8DF-42E3-B2D5-9A72506FFF78}.Release|Any CPU.Build.0 = Release|Any CPU
		{6DFB7F34-1577-4805-B2B7-F85293024A95}.Debug|Any CPU.ActiveCfg = Debug|Any CPU
		{6DFB7F34-1577-4805-B2B7-F85293024A95}.Debug|Any CPU.Build.0 = Debug|Any CPU
		{6DFB7F34-1577-4805-B2B7-F85293024A95}.Release|Any CPU.ActiveCfg = Release|Any CPU
		{6DFB7F34-1577-4805-B2B7-F85293024A95}.Release|Any CPU.Build.0 = Release|Any CPU
		{1A2F8490-BB96-4E31-9AAC-A5245720A794}.Debug|Any CPU.ActiveCfg = Debug|Any CPU
		{1A2F8490-BB96-4E31-9AAC-A5245720A794}.Debug|Any CPU.Build.0 = Debug|Any CPU
		{1A2F8490-BB96-4E31-9AAC-A5245720A794}.Release|Any CPU.ActiveCfg = Release|Any CPU
		{1A2F8490-BB96-4E31-9AAC-A5245720A794}.Release|Any CPU.Build.0 = Release|Any CPU
		{523C3724-2C6B-47EC-BD57-81876FEA730A}.Debug|Any CPU.ActiveCfg = Debug|Any CPU
		{523C3724-2C6B-47EC-BD57-81876FEA730A}.Debug|Any CPU.Build.0 = Debug|Any CPU
		{523C3724-2C6B-47EC-BD57-81876FEA730A}.Release|Any CPU.ActiveCfg = Release|Any CPU
		{523C3724-2C6B-47EC-BD57-81876FEA730A}.Release|Any CPU.Build.0 = Release|Any CPU
		{B0FEA7D7-49AE-412F-B867-32D40A77E8B1}.Debug|Any CPU.ActiveCfg = Debug|Any CPU
		{B0FEA7D7-49AE-412F-B867-32D40A77E8B1}.Debug|Any CPU.Build.0 = Debug|Any CPU
		{B0FEA7D7-49AE-412F-B867-32D40A77E8B1}.Release|Any CPU.ActiveCfg = Release|Any CPU
		{B0FEA7D7-49AE-412F-B867-32D40A77E8B1}.Release|Any CPU.Build.0 = Release|Any CPU
		{EB490901-27C1-43F5-AB43-23DFBEA32DC6}.Debug|Any CPU.ActiveCfg = Debug|Any CPU
		{EB490901-27C1-43F5-AB43-23DFBEA32DC6}.Debug|Any CPU.Build.0 = Debug|Any CPU
		{EB490901-27C1-43F5-AB43-23DFBEA32DC6}.Release|Any CPU.ActiveCfg = Release|Any CPU
		{EB490901-27C1-43F5-AB43-23DFBEA32DC6}.Release|Any CPU.Build.0 = Release|Any CPU
		{A44BD97D-E0D5-4744-9B89-1B304FC45FEC}.Debug|Any CPU.ActiveCfg = Debug|Any CPU
		{A44BD97D-E0D5-4744-9B89-1B304FC45FEC}.Debug|Any CPU.Build.0 = Debug|Any CPU
		{A44BD97D-E0D5-4744-9B89-1B304FC45FEC}.Release|Any CPU.ActiveCfg = Release|Any CPU
		{A44BD97D-E0D5-4744-9B89-1B304FC45FEC}.Release|Any CPU.Build.0 = Release|Any CPU
		{4CD9A443-343D-4A76-B6C1-2A80E1157A2C}.Debug|Any CPU.ActiveCfg = Debug|Any CPU
		{4CD9A443-343D-4A76-B6C1-2A80E1157A2C}.Debug|Any CPU.Build.0 = Debug|Any CPU
		{4CD9A443-343D-4A76-B6C1-2A80E1157A2C}.Release|Any CPU.ActiveCfg = Release|Any CPU
		{4CD9A443-343D-4A76-B6C1-2A80E1157A2C}.Release|Any CPU.Build.0 = Release|Any CPU
		{16A107AD-8F63-4521-978C-49BB6E68404F}.Debug|Any CPU.ActiveCfg = Debug|Any CPU
		{16A107AD-8F63-4521-978C-49BB6E68404F}.Debug|Any CPU.Build.0 = Debug|Any CPU
		{16A107AD-8F63-4521-978C-49BB6E68404F}.Release|Any CPU.ActiveCfg = Release|Any CPU
		{16A107AD-8F63-4521-978C-49BB6E68404F}.Release|Any CPU.Build.0 = Release|Any CPU
		{16E24210-12D2-4D64-9259-2D1F30DBFA6E}.Debug|Any CPU.ActiveCfg = Debug|Any CPU
		{16E24210-12D2-4D64-9259-2D1F30DBFA6E}.Debug|Any CPU.Build.0 = Debug|Any CPU
		{16E24210-12D2-4D64-9259-2D1F30DBFA6E}.Release|Any CPU.ActiveCfg = Release|Any CPU
		{16E24210-12D2-4D64-9259-2D1F30DBFA6E}.Release|Any CPU.Build.0 = Release|Any CPU
		{6AB81797-73B3-439A-BE7E-C15709DAFAED}.Debug|Any CPU.ActiveCfg = Debug|Any CPU
		{6AB81797-73B3-439A-BE7E-C15709DAFAED}.Debug|Any CPU.Build.0 = Debug|Any CPU
		{6AB81797-73B3-439A-BE7E-C15709DAFAED}.Release|Any CPU.ActiveCfg = Release|Any CPU
		{6AB81797-73B3-439A-BE7E-C15709DAFAED}.Release|Any CPU.Build.0 = Release|Any CPU
		{05102219-7778-4FCD-B75F-669483A992CE}.Debug|Any CPU.ActiveCfg = Debug|Any CPU
		{05102219-7778-4FCD-B75F-669483A992CE}.Debug|Any CPU.Build.0 = Debug|Any CPU
		{05102219-7778-4FCD-B75F-669483A992CE}.Release|Any CPU.ActiveCfg = Release|Any CPU
		{05102219-7778-4FCD-B75F-669483A992CE}.Release|Any CPU.Build.0 = Release|Any CPU
		{ACDA1AE1-F71F-4D4D-8EAE-2F0C46C390B3}.Debug|Any CPU.ActiveCfg = Debug|Any CPU
		{ACDA1AE1-F71F-4D4D-8EAE-2F0C46C390B3}.Debug|Any CPU.Build.0 = Debug|Any CPU
		{ACDA1AE1-F71F-4D4D-8EAE-2F0C46C390B3}.Release|Any CPU.ActiveCfg = Release|Any CPU
		{ACDA1AE1-F71F-4D4D-8EAE-2F0C46C390B3}.Release|Any CPU.Build.0 = Release|Any CPU
		{C5BB8DE7-453C-4C23-BBA5-DBFD16D1D0EA}.Debug|Any CPU.ActiveCfg = Debug|Any CPU
		{C5BB8DE7-453C-4C23-BBA5-DBFD16D1D0EA}.Debug|Any CPU.Build.0 = Debug|Any CPU
		{C5BB8DE7-453C-4C23-BBA5-DBFD16D1D0EA}.Release|Any CPU.ActiveCfg = Release|Any CPU
		{C5BB8DE7-453C-4C23-BBA5-DBFD16D1D0EA}.Release|Any CPU.Build.0 = Release|Any CPU
		{F47C1408-0C6A-422B-BBBF-F336FA2F8E64}.Debug|Any CPU.ActiveCfg = Debug|Any CPU
		{F47C1408-0C6A-422B-BBBF-F336FA2F8E64}.Debug|Any CPU.Build.0 = Debug|Any CPU
		{F47C1408-0C6A-422B-BBBF-F336FA2F8E64}.Release|Any CPU.ActiveCfg = Release|Any CPU
		{F47C1408-0C6A-422B-BBBF-F336FA2F8E64}.Release|Any CPU.Build.0 = Release|Any CPU
		{4FB1BEBE-7E9B-42ED-BDA5-9FF595A87416}.Debug|Any CPU.ActiveCfg = Debug|Any CPU
		{4FB1BEBE-7E9B-42ED-BDA5-9FF595A87416}.Debug|Any CPU.Build.0 = Debug|Any CPU
		{4FB1BEBE-7E9B-42ED-BDA5-9FF595A87416}.Release|Any CPU.ActiveCfg = Release|Any CPU
		{4FB1BEBE-7E9B-42ED-BDA5-9FF595A87416}.Release|Any CPU.Build.0 = Release|Any CPU
		{54132909-2542-4952-91CE-6E5EAB15D2E7}.Debug|Any CPU.ActiveCfg = Debug|Any CPU
		{54132909-2542-4952-91CE-6E5EAB15D2E7}.Debug|Any CPU.Build.0 = Debug|Any CPU
		{54132909-2542-4952-91CE-6E5EAB15D2E7}.Release|Any CPU.ActiveCfg = Release|Any CPU
		{54132909-2542-4952-91CE-6E5EAB15D2E7}.Release|Any CPU.Build.0 = Release|Any CPU
		{97DB9012-2C9F-4F95-AE61-ECE73BD5BE7E}.Debug|Any CPU.ActiveCfg = Debug|Any CPU
		{97DB9012-2C9F-4F95-AE61-ECE73BD5BE7E}.Debug|Any CPU.Build.0 = Debug|Any CPU
		{97DB9012-2C9F-4F95-AE61-ECE73BD5BE7E}.Release|Any CPU.ActiveCfg = Release|Any CPU
		{97DB9012-2C9F-4F95-AE61-ECE73BD5BE7E}.Release|Any CPU.Build.0 = Release|Any CPU
		{4F519F2F-E1B0-4CFE-9FF8-F572DF0343F0}.Debug|Any CPU.ActiveCfg = Debug|Any CPU
		{4F519F2F-E1B0-4CFE-9FF8-F572DF0343F0}.Debug|Any CPU.Build.0 = Debug|Any CPU
		{4F519F2F-E1B0-4CFE-9FF8-F572DF0343F0}.Release|Any CPU.ActiveCfg = Release|Any CPU
		{4F519F2F-E1B0-4CFE-9FF8-F572DF0343F0}.Release|Any CPU.Build.0 = Release|Any CPU
		{CC3D9038-2E32-4024-A9C8-F3890E6A77D5}.Debug|Any CPU.ActiveCfg = Debug|Any CPU
		{CC3D9038-2E32-4024-A9C8-F3890E6A77D5}.Debug|Any CPU.Build.0 = Debug|Any CPU
		{CC3D9038-2E32-4024-A9C8-F3890E6A77D5}.Release|Any CPU.ActiveCfg = Release|Any CPU
		{CC3D9038-2E32-4024-A9C8-F3890E6A77D5}.Release|Any CPU.Build.0 = Release|Any CPU
		{FAC4DCC5-F88E-4A4A-9ADA-EE700AAD1AA8}.Debug|Any CPU.ActiveCfg = Debug|Any CPU
		{FAC4DCC5-F88E-4A4A-9ADA-EE700AAD1AA8}.Debug|Any CPU.Build.0 = Debug|Any CPU
		{FAC4DCC5-F88E-4A4A-9ADA-EE700AAD1AA8}.Release|Any CPU.ActiveCfg = Release|Any CPU
		{FAC4DCC5-F88E-4A4A-9ADA-EE700AAD1AA8}.Release|Any CPU.Build.0 = Release|Any CPU
		{1844DF63-A426-42C6-9589-4CC114F32B6C}.Debug|Any CPU.ActiveCfg = Debug|Any CPU
		{1844DF63-A426-42C6-9589-4CC114F32B6C}.Debug|Any CPU.Build.0 = Debug|Any CPU
		{1844DF63-A426-42C6-9589-4CC114F32B6C}.Release|Any CPU.ActiveCfg = Release|Any CPU
		{1844DF63-A426-42C6-9589-4CC114F32B6C}.Release|Any CPU.Build.0 = Release|Any CPU
		{2EF0DBFD-F8C1-4817-A7DA-B85D757693EC}.Debug|Any CPU.ActiveCfg = Debug|Any CPU
		{2EF0DBFD-F8C1-4817-A7DA-B85D757693EC}.Debug|Any CPU.Build.0 = Debug|Any CPU
		{2EF0DBFD-F8C1-4817-A7DA-B85D757693EC}.Release|Any CPU.ActiveCfg = Release|Any CPU
		{2EF0DBFD-F8C1-4817-A7DA-B85D757693EC}.Release|Any CPU.Build.0 = Release|Any CPU
		{FEF00718-6ED1-4D79-8C2D-737C60D32B15}.Debug|Any CPU.ActiveCfg = Debug|Any CPU
		{FEF00718-6ED1-4D79-8C2D-737C60D32B15}.Debug|Any CPU.Build.0 = Debug|Any CPU
		{FEF00718-6ED1-4D79-8C2D-737C60D32B15}.Release|Any CPU.ActiveCfg = Release|Any CPU
		{FEF00718-6ED1-4D79-8C2D-737C60D32B15}.Release|Any CPU.Build.0 = Release|Any CPU
		{C1F2A22E-4A44-4112-A1A2-1BB7A3CDA36E}.Debug|Any CPU.ActiveCfg = Debug|Any CPU
		{C1F2A22E-4A44-4112-A1A2-1BB7A3CDA36E}.Debug|Any CPU.Build.0 = Debug|Any CPU
		{C1F2A22E-4A44-4112-A1A2-1BB7A3CDA36E}.Release|Any CPU.ActiveCfg = Release|Any CPU
		{C1F2A22E-4A44-4112-A1A2-1BB7A3CDA36E}.Release|Any CPU.Build.0 = Release|Any CPU
		{4F0130A6-8FDE-4924-A9A2-11A6EE4BC7C7}.Debug|Any CPU.ActiveCfg = Debug|Any CPU
		{4F0130A6-8FDE-4924-A9A2-11A6EE4BC7C7}.Debug|Any CPU.Build.0 = Debug|Any CPU
		{4F0130A6-8FDE-4924-A9A2-11A6EE4BC7C7}.Release|Any CPU.ActiveCfg = Release|Any CPU
		{4F0130A6-8FDE-4924-A9A2-11A6EE4BC7C7}.Release|Any CPU.Build.0 = Release|Any CPU
		{40D3EF3F-3B47-4444-AADA-9516E4F2D6DC}.Debug|Any CPU.ActiveCfg = Debug|Any CPU
		{40D3EF3F-3B47-4444-AADA-9516E4F2D6DC}.Debug|Any CPU.Build.0 = Debug|Any CPU
		{40D3EF3F-3B47-4444-AADA-9516E4F2D6DC}.Release|Any CPU.ActiveCfg = Release|Any CPU
		{40D3EF3F-3B47-4444-AADA-9516E4F2D6DC}.Release|Any CPU.Build.0 = Release|Any CPU
		{4F885303-01ED-4FF6-A642-904F8F283019}.Debug|Any CPU.ActiveCfg = Debug|Any CPU
		{4F885303-01ED-4FF6-A642-904F8F283019}.Debug|Any CPU.Build.0 = Debug|Any CPU
		{4F885303-01ED-4FF6-A642-904F8F283019}.Release|Any CPU.ActiveCfg = Release|Any CPU
		{4F885303-01ED-4FF6-A642-904F8F283019}.Release|Any CPU.Build.0 = Release|Any CPU
		{5D9F3943-BED6-42CA-9D27-7ECEADCF53F6}.Debug|Any CPU.ActiveCfg = Debug|Any CPU
		{5D9F3943-BED6-42CA-9D27-7ECEADCF53F6}.Debug|Any CPU.Build.0 = Debug|Any CPU
		{5D9F3943-BED6-42CA-9D27-7ECEADCF53F6}.Release|Any CPU.ActiveCfg = Release|Any CPU
		{5D9F3943-BED6-42CA-9D27-7ECEADCF53F6}.Release|Any CPU.Build.0 = Release|Any CPU
		{F1DC6BAD-B4B1-4829-9699-63327015A709}.Debug|Any CPU.ActiveCfg = Debug|Any CPU
		{F1DC6BAD-B4B1-4829-9699-63327015A709}.Debug|Any CPU.Build.0 = Debug|Any CPU
		{F1DC6BAD-B4B1-4829-9699-63327015A709}.Release|Any CPU.ActiveCfg = Release|Any CPU
		{F1DC6BAD-B4B1-4829-9699-63327015A709}.Release|Any CPU.Build.0 = Release|Any CPU
		{5B26A3D2-2A92-4C09-8E77-3A18825EAD4E}.Debug|Any CPU.ActiveCfg = Debug|Any CPU
		{5B26A3D2-2A92-4C09-8E77-3A18825EAD4E}.Debug|Any CPU.Build.0 = Debug|Any CPU
		{5B26A3D2-2A92-4C09-8E77-3A18825EAD4E}.Release|Any CPU.ActiveCfg = Release|Any CPU
		{5B26A3D2-2A92-4C09-8E77-3A18825EAD4E}.Release|Any CPU.Build.0 = Release|Any CPU
		{149446B1-0E6C-492A-A10F-0F48BA403627}.Debug|Any CPU.ActiveCfg = Debug|Any CPU
		{149446B1-0E6C-492A-A10F-0F48BA403627}.Debug|Any CPU.Build.0 = Debug|Any CPU
		{149446B1-0E6C-492A-A10F-0F48BA403627}.Release|Any CPU.ActiveCfg = Release|Any CPU
		{149446B1-0E6C-492A-A10F-0F48BA403627}.Release|Any CPU.Build.0 = Release|Any CPU
		{BD32222A-6DC7-4213-92FD-624A024F9075}.Debug|Any CPU.ActiveCfg = Debug|Any CPU
		{BD32222A-6DC7-4213-92FD-624A024F9075}.Debug|Any CPU.Build.0 = Debug|Any CPU
		{BD32222A-6DC7-4213-92FD-624A024F9075}.Release|Any CPU.ActiveCfg = Release|Any CPU
		{BD32222A-6DC7-4213-92FD-624A024F9075}.Release|Any CPU.Build.0 = Release|Any CPU
		{A3CEC111-C614-4F00-8F80-32F49C769EA5}.Debug|Any CPU.ActiveCfg = Debug|Any CPU
		{A3CEC111-C614-4F00-8F80-32F49C769EA5}.Debug|Any CPU.Build.0 = Debug|Any CPU
		{A3CEC111-C614-4F00-8F80-32F49C769EA5}.Release|Any CPU.ActiveCfg = Release|Any CPU
		{A3CEC111-C614-4F00-8F80-32F49C769EA5}.Release|Any CPU.Build.0 = Release|Any CPU
		{6018E3FB-7852-43CD-9C39-F47C155131A0}.Debug|Any CPU.ActiveCfg = Debug|Any CPU
		{6018E3FB-7852-43CD-9C39-F47C155131A0}.Debug|Any CPU.Build.0 = Debug|Any CPU
		{6018E3FB-7852-43CD-9C39-F47C155131A0}.Release|Any CPU.ActiveCfg = Release|Any CPU
		{6018E3FB-7852-43CD-9C39-F47C155131A0}.Release|Any CPU.Build.0 = Release|Any CPU
		{1ED29312-8806-45DC-88B2-9A247A47FE0D}.Debug|Any CPU.ActiveCfg = Debug|Any CPU
		{1ED29312-8806-45DC-88B2-9A247A47FE0D}.Debug|Any CPU.Build.0 = Debug|Any CPU
		{1ED29312-8806-45DC-88B2-9A247A47FE0D}.Release|Any CPU.ActiveCfg = Release|Any CPU
		{1ED29312-8806-45DC-88B2-9A247A47FE0D}.Release|Any CPU.Build.0 = Release|Any CPU
		{ED8E2503-46F6-41F5-ABDC-0A42902FC2E6}.Debug|Any CPU.ActiveCfg = Debug|Any CPU
		{ED8E2503-46F6-41F5-ABDC-0A42902FC2E6}.Debug|Any CPU.Build.0 = Debug|Any CPU
		{ED8E2503-46F6-41F5-ABDC-0A42902FC2E6}.Release|Any CPU.ActiveCfg = Release|Any CPU
		{ED8E2503-46F6-41F5-ABDC-0A42902FC2E6}.Release|Any CPU.Build.0 = Release|Any CPU
		{0472640C-4578-438F-B969-5C9145DA2343}.Debug|Any CPU.ActiveCfg = Debug|Any CPU
		{0472640C-4578-438F-B969-5C9145DA2343}.Debug|Any CPU.Build.0 = Debug|Any CPU
		{0472640C-4578-438F-B969-5C9145DA2343}.Release|Any CPU.ActiveCfg = Release|Any CPU
		{0472640C-4578-438F-B969-5C9145DA2343}.Release|Any CPU.Build.0 = Release|Any CPU
		{CE843015-11F0-414F-8152-967967851798}.Debug|Any CPU.ActiveCfg = Debug|Any CPU
		{CE843015-11F0-414F-8152-967967851798}.Debug|Any CPU.Build.0 = Debug|Any CPU
		{CE843015-11F0-414F-8152-967967851798}.Release|Any CPU.ActiveCfg = Release|Any CPU
		{CE843015-11F0-414F-8152-967967851798}.Release|Any CPU.Build.0 = Release|Any CPU
		{D5CD0941-9CF9-4E79-9685-CCC712A268A3}.Debug|Any CPU.ActiveCfg = Debug|Any CPU
		{D5CD0941-9CF9-4E79-9685-CCC712A268A3}.Debug|Any CPU.Build.0 = Debug|Any CPU
		{D5CD0941-9CF9-4E79-9685-CCC712A268A3}.Release|Any CPU.ActiveCfg = Release|Any CPU
		{D5CD0941-9CF9-4E79-9685-CCC712A268A3}.Release|Any CPU.Build.0 = Release|Any CPU
		{7B099EFB-CD29-4B01-AF8E-5BBAD870F6A4}.Debug|Any CPU.ActiveCfg = Debug|Any CPU
		{7B099EFB-CD29-4B01-AF8E-5BBAD870F6A4}.Debug|Any CPU.Build.0 = Debug|Any CPU
		{7B099EFB-CD29-4B01-AF8E-5BBAD870F6A4}.Release|Any CPU.ActiveCfg = Release|Any CPU
		{7B099EFB-CD29-4B01-AF8E-5BBAD870F6A4}.Release|Any CPU.Build.0 = Release|Any CPU
		{71FF8363-ECD2-4429-908B-513A82240662}.Debug|Any CPU.ActiveCfg = Debug|Any CPU
		{71FF8363-ECD2-4429-908B-513A82240662}.Debug|Any CPU.Build.0 = Debug|Any CPU
		{71FF8363-ECD2-4429-908B-513A82240662}.Release|Any CPU.ActiveCfg = Release|Any CPU
		{71FF8363-ECD2-4429-908B-513A82240662}.Release|Any CPU.Build.0 = Release|Any CPU
		{0AC03ECB-4BA3-4EDC-A759-719301E2E97D}.Debug|Any CPU.ActiveCfg = Debug|Any CPU
		{0AC03ECB-4BA3-4EDC-A759-719301E2E97D}.Debug|Any CPU.Build.0 = Debug|Any CPU
		{0AC03ECB-4BA3-4EDC-A759-719301E2E97D}.Release|Any CPU.ActiveCfg = Release|Any CPU
		{0AC03ECB-4BA3-4EDC-A759-719301E2E97D}.Release|Any CPU.Build.0 = Release|Any CPU
		{1D76ABCA-00E8-4969-9EAC-79DF233F7976}.Debug|Any CPU.ActiveCfg = Debug|Any CPU
		{1D76ABCA-00E8-4969-9EAC-79DF233F7976}.Debug|Any CPU.Build.0 = Debug|Any CPU
		{1D76ABCA-00E8-4969-9EAC-79DF233F7976}.Release|Any CPU.ActiveCfg = Release|Any CPU
		{1D76ABCA-00E8-4969-9EAC-79DF233F7976}.Release|Any CPU.Build.0 = Release|Any CPU
	EndGlobalSection
	GlobalSection(SolutionProperties) = preSolution
		HideSolutionNode = FALSE
	EndGlobalSection
	GlobalSection(ExtensibilityGlobals) = postSolution
		SolutionGuid = {D234B3CB-C04F-4023-A089-8E0BA0DAF23D}
	EndGlobalSection
EndGlobal
